
Microsoft Visual Studio Solution File, Format Version 12.00
# Visual Studio Version 16
VisualStudioVersion = 16.0.30330.147
MinimumVisualStudioVersion = 10.0.40219.1
Project("{FAE04EC0-301F-11D3-BF4B-00C04F79EFBC}") = "ConsolaPrueba", "ConsolaPrueba\ConsolaPrueba.csproj", "{9AB22026-8F42-494F-AD8C-4DB80C0AC8E1}"
EndProject
Global
	GlobalSection(SolutionConfigurationPlatforms) = preSolution
		Debug|Any CPU = Debug|Any CPU
		Release|Any CPU = Release|Any CPU
	EndGlobalSection
	GlobalSection(ProjectConfigurationPlatforms) = postSolution
		{9AB22026-8F42-494F-AD8C-4DB80C0AC8E1}.Debug|Any CPU.ActiveCfg = Debug|Any CPU
		{9AB22026-8F42-494F-AD8C-4DB80C0AC8E1}.Debug|Any CPU.Build.0 = Debug|Any CPU
		{9AB22026-8F42-494F-AD8C-4DB80C0AC8E1}.Release|Any CPU.ActiveCfg = Release|Any CPU
		{9AB22026-8F42-494F-AD8C-4DB80C0AC8E1}.Release|Any CPU.Build.0 = Release|Any CPU
	EndGlobalSection
	GlobalSection(SolutionProperties) = preSolution
		HideSolutionNode = FALSE
	EndGlobalSection
	GlobalSection(ExtensibilityGlobals) = postSolution
		SolutionGuid = {0A9B5A59-FF0D-4EA7-ADD2-64CBE3C9FB21}
	EndGlobalSection
EndGlobal
